
Microsoft Visual Studio Solution File, Format Version 12.00
# Visual Studio 15
VisualStudioVersion = 15.0.28307.136
MinimumVisualStudioVersion = 10.0.40219.1
Project("{FAE04EC0-301F-11D3-BF4B-00C04F79EFBC}") = "LoginApp.Android", "LoginApp\LoginApp.Android\LoginApp.Android.csproj", "{56F94964-7C1C-427F-A506-AD7072908435}"
EndProject
Project("{FAE04EC0-301F-11D3-BF4B-00C04F79EFBC}") = "LoginApp.iOS", "LoginApp\LoginApp.iOS\LoginApp.iOS.csproj", "{D6F41A7B-CD0D-440B-AAAB-2FD3FA70C65B}"
EndProject
Project("{9A19103F-16F7-4668-BE54-9A1E7A4F7556}") = "LoginApp", "LoginApp\LoginApp\LoginApp.csproj", "{0869726A-EE07-4FE8-A08A-DAC0D7F2B1BE}"
EndProject
Global
	GlobalSection(SolutionConfigurationPlatforms) = preSolution
		Ad-Hoc|Any CPU = Ad-Hoc|Any CPU
		Ad-Hoc|ARM = Ad-Hoc|ARM
		Ad-Hoc|iPhone = Ad-Hoc|iPhone
		Ad-Hoc|iPhoneSimulator = Ad-Hoc|iPhoneSimulator
		Ad-Hoc|x64 = Ad-Hoc|x64
		Ad-Hoc|x86 = Ad-Hoc|x86
		AppStore|Any CPU = AppStore|Any CPU
		AppStore|ARM = AppStore|ARM
		AppStore|iPhone = AppStore|iPhone
		AppStore|iPhoneSimulator = AppStore|iPhoneSimulator
		AppStore|x64 = AppStore|x64
		AppStore|x86 = AppStore|x86
		Debug|Any CPU = Debug|Any CPU
		Debug|ARM = Debug|ARM
		Debug|iPhone = Debug|iPhone
		Debug|iPhoneSimulator = Debug|iPhoneSimulator
		Debug|x64 = Debug|x64
		Debug|x86 = Debug|x86
		Release|Any CPU = Release|Any CPU
		Release|ARM = Release|ARM
		Release|iPhone = Release|iPhone
		Release|iPhoneSimulator = Release|iPhoneSimulator
		Release|x64 = Release|x64
		Release|x86 = Release|x86
	EndGlobalSection
	GlobalSection(ProjectConfigurationPlatforms) = postSolution
		{56F94964-7C1C-427F-A506-AD7072908435}.Ad-Hoc|Any CPU.ActiveCfg = Release|Any CPU
		{56F94964-7C1C-427F-A506-AD7072908435}.Ad-Hoc|Any CPU.Build.0 = Release|Any CPU
		{56F94964-7C1C-427F-A506-AD7072908435}.Ad-Hoc|Any CPU.Deploy.0 = Release|Any CPU
		{56F94964-7C1C-427F-A506-AD7072908435}.Ad-Hoc|ARM.ActiveCfg = Release|Any CPU
		{56F94964-7C1C-427F-A506-AD7072908435}.Ad-Hoc|ARM.Build.0 = Release|Any CPU
		{56F94964-7C1C-427F-A506-AD7072908435}.Ad-Hoc|ARM.Deploy.0 = Release|Any CPU
		{56F94964-7C1C-427F-A506-AD7072908435}.Ad-Hoc|iPhone.ActiveCfg = Release|Any CPU
		{56F94964-7C1C-427F-A506-AD7072908435}.Ad-Hoc|iPhone.Build.0 = Release|Any CPU
		{56F94964-7C1C-427F-A506-AD7072908435}.Ad-Hoc|iPhone.Deploy.0 = Release|Any CPU
		{56F94964-7C1C-427F-A506-AD7072908435}.Ad-Hoc|iPhoneSimulator.ActiveCfg = Release|Any CPU
		{56F94964-7C1C-427F-A506-AD7072908435}.Ad-Hoc|iPhoneSimulator.Build.0 = Release|Any CPU
		{56F94964-7C1C-427F-A506-AD7072908435}.Ad-Hoc|iPhoneSimulator.Deploy.0 = Release|Any CPU
		{56F94964-7C1C-427F-A506-AD7072908435}.Ad-Hoc|x64.ActiveCfg = Release|Any CPU
		{56F94964-7C1C-427F-A506-AD7072908435}.Ad-Hoc|x64.Build.0 = Release|Any CPU
		{56F94964-7C1C-427F-A506-AD7072908435}.Ad-Hoc|x64.Deploy.0 = Release|Any CPU
		{56F94964-7C1C-427F-A506-AD7072908435}.Ad-Hoc|x86.ActiveCfg = Release|Any CPU
		{56F94964-7C1C-427F-A506-AD7072908435}.Ad-Hoc|x86.Build.0 = Release|Any CPU
		{56F94964-7C1C-427F-A506-AD7072908435}.Ad-Hoc|x86.Deploy.0 = Release|Any CPU
		{56F94964-7C1C-427F-A506-AD7072908435}.AppStore|Any CPU.ActiveCfg = Release|Any CPU
		{56F94964-7C1C-427F-A506-AD7072908435}.AppStore|Any CPU.Build.0 = Release|Any CPU
		{56F94964-7C1C-427F-A506-AD7072908435}.AppStore|Any CPU.Deploy.0 = Release|Any CPU
		{56F94964-7C1C-427F-A506-AD7072908435}.AppStore|ARM.ActiveCfg = Release|Any CPU
		{56F94964-7C1C-427F-A506-AD7072908435}.AppStore|ARM.Build.0 = Release|Any CPU
		{56F94964-7C1C-427F-A506-AD7072908435}.AppStore|ARM.Deploy.0 = Release|Any CPU
		{56F94964-7C1C-427F-A506-AD7072908435}.AppStore|iPhone.ActiveCfg = Release|Any CPU
		{56F94964-7C1C-427F-A506-AD7072908435}.AppStore|iPhone.Build.0 = Release|Any CPU
		{56F94964-7C1C-427F-A506-AD7072908435}.AppStore|iPhone.Deploy.0 = Release|Any CPU
		{56F94964-7C1C-427F-A506-AD7072908435}.AppStore|iPhoneSimulator.ActiveCfg = Release|Any CPU
		{56F94964-7C1C-427F-A506-AD7072908435}.AppStore|iPhoneSimulator.Build.0 = Release|Any CPU
		{56F94964-7C1C-427F-A506-AD7072908435}.AppStore|iPhoneSimulator.Deploy.0 = Release|Any CPU
		{56F94964-7C1C-427F-A506-AD7072908435}.AppStore|x64.ActiveCfg = Release|Any CPU
		{56F94964-7C1C-427F-A506-AD7072908435}.AppStore|x64.Build.0 = Release|Any CPU
		{56F94964-7C1C-427F-A506-AD7072908435}.AppStore|x64.Deploy.0 = Release|Any CPU
		{56F94964-7C1C-427F-A506-AD7072908435}.AppStore|x86.ActiveCfg = Release|Any CPU
		{56F94964-7C1C-427F-A506-AD7072908435}.AppStore|x86.Build.0 = Release|Any CPU
		{56F94964-7C1C-427F-A506-AD7072908435}.AppStore|x86.Deploy.0 = Release|Any CPU
		{56F94964-7C1C-427F-A506-AD7072908435}.Debug|Any CPU.ActiveCfg = Debug|Any CPU
		{56F94964-7C1C-427F-A506-AD7072908435}.Debug|Any CPU.Build.0 = Debug|Any CPU
		{56F94964-7C1C-427F-A506-AD7072908435}.Debug|Any CPU.Deploy.0 = Debug|Any CPU
		{56F94964-7C1C-427F-A506-AD7072908435}.Debug|ARM.ActiveCfg = Debug|Any CPU
		{56F94964-7C1C-427F-A506-AD7072908435}.Debug|ARM.Build.0 = Debug|Any CPU
		{56F94964-7C1C-427F-A506-AD7072908435}.Debug|ARM.Deploy.0 = Debug|Any CPU
		{56F94964-7C1C-427F-A506-AD7072908435}.Debug|iPhone.ActiveCfg = Debug|Any CPU
		{56F94964-7C1C-427F-A506-AD7072908435}.Debug|iPhone.Build.0 = Debug|Any CPU
		{56F94964-7C1C-427F-A506-AD7072908435}.Debug|iPhone.Deploy.0 = Debug|Any CPU
		{56F94964-7C1C-427F-A506-AD7072908435}.Debug|iPhoneSimulator.ActiveCfg = Debug|Any CPU
		{56F94964-7C1C-427F-A506-AD7072908435}.Debug|iPhoneSimulator.Build.0 = Debug|Any CPU
		{56F94964-7C1C-427F-A506-AD7072908435}.Debug|iPhoneSimulator.Deploy.0 = Debug|Any CPU
		{56F94964-7C1C-427F-A506-AD7072908435}.Debug|x64.ActiveCfg = Debug|Any CPU
		{56F94964-7C1C-427F-A506-AD7072908435}.Debug|x64.Build.0 = Debug|Any CPU
		{56F94964-7C1C-427F-A506-AD7072908435}.Debug|x64.Deploy.0 = Debug|Any CPU
		{56F94964-7C1C-427F-A506-AD7072908435}.Debug|x86.ActiveCfg = Debug|Any CPU
		{56F94964-7C1C-427F-A506-AD7072908435}.Debug|x86.Build.0 = Debug|Any CPU
		{56F94964-7C1C-427F-A506-AD7072908435}.Debug|x86.Deploy.0 = Debug|Any CPU
		{56F94964-7C1C-427F-A506-AD7072908435}.Release|Any CPU.ActiveCfg = Release|Any CPU
		{56F94964-7C1C-427F-A506-AD7072908435}.Release|Any CPU.Build.0 = Release|Any CPU
		{56F94964-7C1C-427F-A506-AD7072908435}.Release|Any CPU.Deploy.0 = Release|Any CPU
		{56F94964-7C1C-427F-A506-AD7072908435}.Release|ARM.ActiveCfg = Release|Any CPU
		{56F94964-7C1C-427F-A506-AD7072908435}.Release|ARM.Build.0 = Release|Any CPU
		{56F94964-7C1C-427F-A506-AD7072908435}.Release|ARM.Deploy.0 = Release|Any CPU
		{56F94964-7C1C-427F-A506-AD7072908435}.Release|iPhone.ActiveCfg = Release|Any CPU
		{56F94964-7C1C-427F-A506-AD7072908435}.Release|iPhone.Build.0 = Release|Any CPU
		{56F94964-7C1C-427F-A506-AD7072908435}.Release|iPhone.Deploy.0 = Release|Any CPU
		{56F94964-7C1C-427F-A506-AD7072908435}.Release|iPhoneSimulator.ActiveCfg = Release|Any CPU
		{56F94964-7C1C-427F-A506-AD7072908435}.Release|iPhoneSimulator.Build.0 = Release|Any CPU
		{56F94964-7C1C-427F-A506-AD7072908435}.Release|iPhoneSimulator.Deploy.0 = Release|Any CPU
		{56F94964-7C1C-427F-A506-AD7072908435}.Release|x64.ActiveCfg = Release|Any CPU
		{56F94964-7C1C-427F-A506-AD7072908435}.Release|x64.Build.0 = Release|Any CPU
		{56F94964-7C1C-427F-A506-AD7072908435}.Release|x64.Deploy.0 = Release|Any CPU
		{56F94964-7C1C-427F-A506-AD7072908435}.Release|x86.ActiveCfg = Release|Any CPU
		{56F94964-7C1C-427F-A506-AD7072908435}.Release|x86.Build.0 = Release|Any CPU
		{56F94964-7C1C-427F-A506-AD7072908435}.Release|x86.Deploy.0 = Release|Any CPU
		{D6F41A7B-CD0D-440B-AAAB-2FD3FA70C65B}.Ad-Hoc|Any CPU.ActiveCfg = Ad-Hoc|iPhone
		{D6F41A7B-CD0D-440B-AAAB-2FD3FA70C65B}.Ad-Hoc|Any CPU.Build.0 = Ad-Hoc|iPhone
		{D6F41A7B-CD0D-440B-AAAB-2FD3FA70C65B}.Ad-Hoc|Any CPU.Deploy.0 = Ad-Hoc|iPhone
		{D6F41A7B-CD0D-440B-AAAB-2FD3FA70C65B}.Ad-Hoc|ARM.ActiveCfg = Ad-Hoc|iPhone
		{D6F41A7B-CD0D-440B-AAAB-2FD3FA70C65B}.Ad-Hoc|ARM.Build.0 = Ad-Hoc|iPhone
		{D6F41A7B-CD0D-440B-AAAB-2FD3FA70C65B}.Ad-Hoc|ARM.Deploy.0 = Ad-Hoc|iPhone
		{D6F41A7B-CD0D-440B-AAAB-2FD3FA70C65B}.Ad-Hoc|iPhone.ActiveCfg = Ad-Hoc|iPhone
		{D6F41A7B-CD0D-440B-AAAB-2FD3FA70C65B}.Ad-Hoc|iPhone.Build.0 = Ad-Hoc|iPhone
		{D6F41A7B-CD0D-440B-AAAB-2FD3FA70C65B}.Ad-Hoc|iPhone.Deploy.0 = Ad-Hoc|iPhone
		{D6F41A7B-CD0D-440B-AAAB-2FD3FA70C65B}.Ad-Hoc|iPhoneSimulator.ActiveCfg = Ad-Hoc|iPhoneSimulator
		{D6F41A7B-CD0D-440B-AAAB-2FD3FA70C65B}.Ad-Hoc|iPhoneSimulator.Build.0 = Ad-Hoc|iPhoneSimulator
		{D6F41A7B-CD0D-440B-AAAB-2FD3FA70C65B}.Ad-Hoc|iPhoneSimulator.Deploy.0 = Ad-Hoc|iPhoneSimulator
		{D6F41A7B-CD0D-440B-AAAB-2FD3FA70C65B}.Ad-Hoc|x64.ActiveCfg = Ad-Hoc|iPhone
		{D6F41A7B-CD0D-440B-AAAB-2FD3FA70C65B}.Ad-Hoc|x64.Build.0 = Ad-Hoc|iPhone
		{D6F41A7B-CD0D-440B-AAAB-2FD3FA70C65B}.Ad-Hoc|x64.Deploy.0 = Ad-Hoc|iPhone
		{D6F41A7B-CD0D-440B-AAAB-2FD3FA70C65B}.Ad-Hoc|x86.ActiveCfg = Ad-Hoc|iPhone
		{D6F41A7B-CD0D-440B-AAAB-2FD3FA70C65B}.Ad-Hoc|x86.Build.0 = Ad-Hoc|iPhone
		{D6F41A7B-CD0D-440B-AAAB-2FD3FA70C65B}.Ad-Hoc|x86.Deploy.0 = Ad-Hoc|iPhone
		{D6F41A7B-CD0D-440B-AAAB-2FD3FA70C65B}.AppStore|Any CPU.ActiveCfg = AppStore|iPhone
		{D6F41A7B-CD0D-440B-AAAB-2FD3FA70C65B}.AppStore|Any CPU.Build.0 = AppStore|iPhone
		{D6F41A7B-CD0D-440B-AAAB-2FD3FA70C65B}.AppStore|Any CPU.Deploy.0 = AppStore|iPhone
		{D6F41A7B-CD0D-440B-AAAB-2FD3FA70C65B}.AppStore|ARM.ActiveCfg = AppStore|iPhone
		{D6F41A7B-CD0D-440B-AAAB-2FD3FA70C65B}.AppStore|ARM.Build.0 = AppStore|iPhone
		{D6F41A7B-CD0D-440B-AAAB-2FD3FA70C65B}.AppStore|ARM.Deploy.0 = AppStore|iPhone
		{D6F41A7B-CD0D-440B-AAAB-2FD3FA70C65B}.AppStore|iPhone.ActiveCfg = AppStore|iPhone
		{D6F41A7B-CD0D-440B-AAAB-2FD3FA70C65B}.AppStore|iPhone.Build.0 = AppStore|iPhone
		{D6F41A7B-CD0D-440B-AAAB-2FD3FA70C65B}.AppStore|iPhone.Deploy.0 = AppStore|iPhone
		{D6F41A7B-CD0D-440B-AAAB-2FD3FA70C65B}.AppStore|iPhoneSimulator.ActiveCfg = AppStore|iPhoneSimulator
		{D6F41A7B-CD0D-440B-AAAB-2FD3FA70C65B}.AppStore|iPhoneSimulator.Build.0 = AppStore|iPhoneSimulator
		{D6F41A7B-CD0D-440B-AAAB-2FD3FA70C65B}.AppStore|iPhoneSimulator.Deploy.0 = AppStore|iPhoneSimulator
		{D6F41A7B-CD0D-440B-AAAB-2FD3FA70C65B}.AppStore|x64.ActiveCfg = AppStore|iPhone
		{D6F41A7B-CD0D-440B-AAAB-2FD3FA70C65B}.AppStore|x64.Build.0 = AppStore|iPhone
		{D6F41A7B-CD0D-440B-AAAB-2FD3FA70C65B}.AppStore|x64.Deploy.0 = AppStore|iPhone
		{D6F41A7B-CD0D-440B-AAAB-2FD3FA70C65B}.AppStore|x86.ActiveCfg = AppStore|iPhone
		{D6F41A7B-CD0D-440B-AAAB-2FD3FA70C65B}.AppStore|x86.Build.0 = AppStore|iPhone
		{D6F41A7B-CD0D-440B-AAAB-2FD3FA70C65B}.AppStore|x86.Deploy.0 = AppStore|iPhone
		{D6F41A7B-CD0D-440B-AAAB-2FD3FA70C65B}.Debug|Any CPU.ActiveCfg = Debug|iPhoneSimulator
		{D6F41A7B-CD0D-440B-AAAB-2FD3FA70C65B}.Debug|Any CPU.Build.0 = Debug|iPhoneSimulator
		{D6F41A7B-CD0D-440B-AAAB-2FD3FA70C65B}.Debug|Any CPU.Deploy.0 = Debug|iPhoneSimulator
		{D6F41A7B-CD0D-440B-AAAB-2FD3FA70C65B}.Debug|ARM.ActiveCfg = Debug|iPhone
		{D6F41A7B-CD0D-440B-AAAB-2FD3FA70C65B}.Debug|ARM.Build.0 = Debug|iPhone
		{D6F41A7B-CD0D-440B-AAAB-2FD3FA70C65B}.Debug|ARM.Deploy.0 = Debug|iPhone
		{D6F41A7B-CD0D-440B-AAAB-2FD3FA70C65B}.Debug|iPhone.ActiveCfg = Debug|iPhone
		{D6F41A7B-CD0D-440B-AAAB-2FD3FA70C65B}.Debug|iPhone.Build.0 = Debug|iPhone
		{D6F41A7B-CD0D-440B-AAAB-2FD3FA70C65B}.Debug|iPhone.Deploy.0 = Debug|iPhone
		{D6F41A7B-CD0D-440B-AAAB-2FD3FA70C65B}.Debug|iPhoneSimulator.ActiveCfg = Debug|iPhoneSimulator
		{D6F41A7B-CD0D-440B-AAAB-2FD3FA70C65B}.Debug|iPhoneSimulator.Build.0 = Debug|iPhoneSimulator
		{D6F41A7B-CD0D-440B-AAAB-2FD3FA70C65B}.Debug|iPhoneSimulator.Deploy.0 = Debug|iPhoneSimulator
		{D6F41A7B-CD0D-440B-AAAB-2FD3FA70C65B}.Debug|x64.ActiveCfg = Debug|iPhone
		{D6F41A7B-CD0D-440B-AAAB-2FD3FA70C65B}.Debug|x64.Build.0 = Debug|iPhone
		{D6F41A7B-CD0D-440B-AAAB-2FD3FA70C65B}.Debug|x64.Deploy.0 = Debug|iPhone
		{D6F41A7B-CD0D-440B-AAAB-2FD3FA70C65B}.Debug|x86.ActiveCfg = Debug|iPhone
		{D6F41A7B-CD0D-440B-AAAB-2FD3FA70C65B}.Debug|x86.Build.0 = Debug|iPhone
		{D6F41A7B-CD0D-440B-AAAB-2FD3FA70C65B}.Debug|x86.Deploy.0 = Debug|iPhone
		{D6F41A7B-CD0D-440B-AAAB-2FD3FA70C65B}.Release|Any CPU.ActiveCfg = Release|iPhone
		{D6F41A7B-CD0D-440B-AAAB-2FD3FA70C65B}.Release|Any CPU.Build.0 = Release|iPhone
		{D6F41A7B-CD0D-440B-AAAB-2FD3FA70C65B}.Release|Any CPU.Deploy.0 = Release|iPhone
		{D6F41A7B-CD0D-440B-AAAB-2FD3FA70C65B}.Release|ARM.ActiveCfg = Release|iPhone
		{D6F41A7B-CD0D-440B-AAAB-2FD3FA70C65B}.Release|ARM.Build.0 = Release|iPhone
		{D6F41A7B-CD0D-440B-AAAB-2FD3FA70C65B}.Release|ARM.Deploy.0 = Release|iPhone
		{D6F41A7B-CD0D-440B-AAAB-2FD3FA70C65B}.Release|iPhone.ActiveCfg = Release|iPhone
		{D6F41A7B-CD0D-440B-AAAB-2FD3FA70C65B}.Release|iPhone.Build.0 = Release|iPhone
		{D6F41A7B-CD0D-440B-AAAB-2FD3FA70C65B}.Release|iPhone.Deploy.0 = Release|iPhone
		{D6F41A7B-CD0D-440B-AAAB-2FD3FA70C65B}.Release|iPhoneSimulator.ActiveCfg = Release|iPhoneSimulator
		{D6F41A7B-CD0D-440B-AAAB-2FD3FA70C65B}.Release|iPhoneSimulator.Build.0 = Release|iPhoneSimulator
		{D6F41A7B-CD0D-440B-AAAB-2FD3FA70C65B}.Release|iPhoneSimulator.Deploy.0 = Release|iPhoneSimulator
		{D6F41A7B-CD0D-440B-AAAB-2FD3FA70C65B}.Release|x64.ActiveCfg = Release|iPhone
		{D6F41A7B-CD0D-440B-AAAB-2FD3FA70C65B}.Release|x64.Build.0 = Release|iPhone
		{D6F41A7B-CD0D-440B-AAAB-2FD3FA70C65B}.Release|x64.Deploy.0 = Release|iPhone
		{D6F41A7B-CD0D-440B-AAAB-2FD3FA70C65B}.Release|x86.ActiveCfg = Release|iPhone
		{D6F41A7B-CD0D-440B-AAAB-2FD3FA70C65B}.Release|x86.Build.0 = Release|iPhone
		{D6F41A7B-CD0D-440B-AAAB-2FD3FA70C65B}.Release|x86.Deploy.0 = Release|iPhone
		{0869726A-EE07-4FE8-A08A-DAC0D7F2B1BE}.Ad-Hoc|Any CPU.ActiveCfg = Debug|Any CPU
		{0869726A-EE07-4FE8-A08A-DAC0D7F2B1BE}.Ad-Hoc|Any CPU.Build.0 = Debug|Any CPU
		{0869726A-EE07-4FE8-A08A-DAC0D7F2B1BE}.Ad-Hoc|Any CPU.Deploy.0 = Debug|Any CPU
		{0869726A-EE07-4FE8-A08A-DAC0D7F2B1BE}.Ad-Hoc|ARM.ActiveCfg = Debug|Any CPU
		{0869726A-EE07-4FE8-A08A-DAC0D7F2B1BE}.Ad-Hoc|ARM.Build.0 = Debug|Any CPU
		{0869726A-EE07-4FE8-A08A-DAC0D7F2B1BE}.Ad-Hoc|ARM.Deploy.0 = Debug|Any CPU
		{0869726A-EE07-4FE8-A08A-DAC0D7F2B1BE}.Ad-Hoc|iPhone.ActiveCfg = Debug|Any CPU
		{0869726A-EE07-4FE8-A08A-DAC0D7F2B1BE}.Ad-Hoc|iPhone.Build.0 = Debug|Any CPU
		{0869726A-EE07-4FE8-A08A-DAC0D7F2B1BE}.Ad-Hoc|iPhone.Deploy.0 = Debug|Any CPU
		{0869726A-EE07-4FE8-A08A-DAC0D7F2B1BE}.Ad-Hoc|iPhoneSimulator.ActiveCfg = Debug|Any CPU
		{0869726A-EE07-4FE8-A08A-DAC0D7F2B1BE}.Ad-Hoc|iPhoneSimulator.Build.0 = Debug|Any CPU
		{0869726A-EE07-4FE8-A08A-DAC0D7F2B1BE}.Ad-Hoc|iPhoneSimulator.Deploy.0 = Debug|Any CPU
		{0869726A-EE07-4FE8-A08A-DAC0D7F2B1BE}.Ad-Hoc|x64.ActiveCfg = Debug|Any CPU
		{0869726A-EE07-4FE8-A08A-DAC0D7F2B1BE}.Ad-Hoc|x64.Build.0 = Debug|Any CPU
		{0869726A-EE07-4FE8-A08A-DAC0D7F2B1BE}.Ad-Hoc|x64.Deploy.0 = Debug|Any CPU
		{0869726A-EE07-4FE8-A08A-DAC0D7F2B1BE}.Ad-Hoc|x86.ActiveCfg = Debug|Any CPU
		{0869726A-EE07-4FE8-A08A-DAC0D7F2B1BE}.Ad-Hoc|x86.Build.0 = Debug|Any CPU
		{0869726A-EE07-4FE8-A08A-DAC0D7F2B1BE}.Ad-Hoc|x86.Deploy.0 = Debug|Any CPU
		{0869726A-EE07-4FE8-A08A-DAC0D7F2B1BE}.AppStore|Any CPU.ActiveCfg = Debug|Any CPU
		{0869726A-EE07-4FE8-A08A-DAC0D7F2B1BE}.AppStore|Any CPU.Build.0 = Debug|Any CPU
		{0869726A-EE07-4FE8-A08A-DAC0D7F2B1BE}.AppStore|Any CPU.Deploy.0 = Debug|Any CPU
		{0869726A-EE07-4FE8-A08A-DAC0D7F2B1BE}.AppStore|ARM.ActiveCfg = Debug|Any CPU
		{0869726A-EE07-4FE8-A08A-DAC0D7F2B1BE}.AppStore|ARM.Build.0 = Debug|Any CPU
		{0869726A-EE07-4FE8-A08A-DAC0D7F2B1BE}.AppStore|ARM.Deploy.0 = Debug|Any CPU
		{0869726A-EE07-4FE8-A08A-DAC0D7F2B1BE}.AppStore|iPhone.ActiveCfg = Debug|Any CPU
		{0869726A-EE07-4FE8-A08A-DAC0D7F2B1BE}.AppStore|iPhone.Build.0 = Debug|Any CPU
		{0869726A-EE07-4FE8-A08A-DAC0D7F2B1BE}.AppStore|iPhone.Deploy.0 = Debug|Any CPU
		{0869726A-EE07-4FE8-A08A-DAC0D7F2B1BE}.AppStore|iPhoneSimulator.ActiveCfg = Debug|Any CPU
		{0869726A-EE07-4FE8-A08A-DAC0D7F2B1BE}.AppStore|iPhoneSimulator.Build.0 = Debug|Any CPU
		{0869726A-EE07-4FE8-A08A-DAC0D7F2B1BE}.AppStore|iPhoneSimulator.Deploy.0 = Debug|Any CPU
		{0869726A-EE07-4FE8-A08A-DAC0D7F2B1BE}.AppStore|x64.ActiveCfg = Debug|Any CPU
		{0869726A-EE07-4FE8-A08A-DAC0D7F2B1BE}.AppStore|x64.Build.0 = Debug|Any CPU
		{0869726A-EE07-4FE8-A08A-DAC0D7F2B1BE}.AppStore|x64.Deploy.0 = Debug|Any CPU
		{0869726A-EE07-4FE8-A08A-DAC0D7F2B1BE}.AppStore|x86.ActiveCfg = Debug|Any CPU
		{0869726A-EE07-4FE8-A08A-DAC0D7F2B1BE}.AppStore|x86.Build.0 = Debug|Any CPU
		{0869726A-EE07-4FE8-A08A-DAC0D7F2B1BE}.AppStore|x86.Deploy.0 = Debug|Any CPU
		{0869726A-EE07-4FE8-A08A-DAC0D7F2B1BE}.Debug|Any CPU.ActiveCfg = Debug|Any CPU
		{0869726A-EE07-4FE8-A08A-DAC0D7F2B1BE}.Debug|Any CPU.Build.0 = Debug|Any CPU
		{0869726A-EE07-4FE8-A08A-DAC0D7F2B1BE}.Debug|Any CPU.Deploy.0 = Debug|Any CPU
		{0869726A-EE07-4FE8-A08A-DAC0D7F2B1BE}.Debug|ARM.ActiveCfg = Debug|Any CPU
		{0869726A-EE07-4FE8-A08A-DAC0D7F2B1BE}.Debug|ARM.Build.0 = Debug|Any CPU
		{0869726A-EE07-4FE8-A08A-DAC0D7F2B1BE}.Debug|ARM.Deploy.0 = Debug|Any CPU
		{0869726A-EE07-4FE8-A08A-DAC0D7F2B1BE}.Debug|iPhone.ActiveCfg = Debug|Any CPU
		{0869726A-EE07-4FE8-A08A-DAC0D7F2B1BE}.Debug|iPhone.Build.0 = Debug|Any CPU
		{0869726A-EE07-4FE8-A08A-DAC0D7F2B1BE}.Debug|iPhone.Deploy.0 = Debug|Any CPU
		{0869726A-EE07-4FE8-A08A-DAC0D7F2B1BE}.Debug|iPhoneSimulator.ActiveCfg = Debug|Any CPU
		{0869726A-EE07-4FE8-A08A-DAC0D7F2B1BE}.Debug|iPhoneSimulator.Build.0 = Debug|Any CPU
		{0869726A-EE07-4FE8-A08A-DAC0D7F2B1BE}.Debug|iPhoneSimulator.Deploy.0 = Debug|Any CPU
		{0869726A-EE07-4FE8-A08A-DAC0D7F2B1BE}.Debug|x64.ActiveCfg = Debug|Any CPU
		{0869726A-EE07-4FE8-A08A-DAC0D7F2B1BE}.Debug|x64.Build.0 = Debug|Any CPU
		{0869726A-EE07-4FE8-A08A-DAC0D7F2B1BE}.Debug|x64.Deploy.0 = Debug|Any CPU
		{0869726A-EE07-4FE8-A08A-DAC0D7F2B1BE}.Debug|x86.ActiveCfg = Debug|Any CPU
		{0869726A-EE07-4FE8-A08A-DAC0D7F2B1BE}.Debug|x86.Build.0 = Debug|Any CPU
		{0869726A-EE07-4FE8-A08A-DAC0D7F2B1BE}.Debug|x86.Deploy.0 = Debug|Any CPU
		{0869726A-EE07-4FE8-A08A-DAC0D7F2B1BE}.Release|Any CPU.ActiveCfg = Release|Any CPU
		{0869726A-EE07-4FE8-A08A-DAC0D7F2B1BE}.Release|Any CPU.Build.0 = Release|Any CPU
		{0869726A-EE07-4FE8-A08A-DAC0D7F2B1BE}.Release|Any CPU.Deploy.0 = Release|Any CPU
		{0869726A-EE07-4FE8-A08A-DAC0D7F2B1BE}.Release|ARM.ActiveCfg = Release|Any CPU
		{0869726A-EE07-4FE8-A08A-DAC0D7F2B1BE}.Release|ARM.Build.0 = Release|Any CPU
		{0869726A-EE07-4FE8-A08A-DAC0D7F2B1BE}.Release|ARM.Deploy.0 = Release|Any CPU
		{0869726A-EE07-4FE8-A08A-DAC0D7F2B1BE}.Release|iPhone.ActiveCfg = Release|Any CPU
		{0869726A-EE07-4FE8-A08A-DAC0D7F2B1BE}.Release|iPhone.Build.0 = Release|Any CPU
		{0869726A-EE07-4FE8-A08A-DAC0D7F2B1BE}.Release|iPhone.Deploy.0 = Release|Any CPU
		{0869726A-EE07-4FE8-A08A-DAC0D7F2B1BE}.Release|iPhoneSimulator.ActiveCfg = Release|Any CPU
		{0869726A-EE07-4FE8-A08A-DAC0D7F2B1BE}.Release|iPhoneSimulator.Build.0 = Release|Any CPU
		{0869726A-EE07-4FE8-A08A-DAC0D7F2B1BE}.Release|iPhoneSimulator.Deploy.0 = Release|Any CPU
		{0869726A-EE07-4FE8-A08A-DAC0D7F2B1BE}.Release|x64.ActiveCfg = Release|Any CPU
		{0869726A-EE07-4FE8-A08A-DAC0D7F2B1BE}.Release|x64.Build.0 = Release|Any CPU
		{0869726A-EE07-4FE8-A08A-DAC0D7F2B1BE}.Release|x64.Deploy.0 = Release|Any CPU
		{0869726A-EE07-4FE8-A08A-DAC0D7F2B1BE}.Release|x86.ActiveCfg = Release|Any CPU
		{0869726A-EE07-4FE8-A08A-DAC0D7F2B1BE}.Release|x86.Build.0 = Release|Any CPU
		{0869726A-EE07-4FE8-A08A-DAC0D7F2B1BE}.Release|x86.Deploy.0 = Release|Any CPU
	EndGlobalSection
	GlobalSection(SolutionProperties) = preSolution
		HideSolutionNode = FALSE
	EndGlobalSection
	GlobalSection(ExtensibilityGlobals) = postSolution
		SolutionGuid = {E62135D1-BA6D-4510-BEB6-2971AF49267E}
	EndGlobalSection
EndGlobal
